
Microsoft Visual Studio Solution File, Format Version 12.00
# Visual Studio Version 17
VisualStudioVersion = 17.4.33122.133
MinimumVisualStudioVersion = 10.0.40219.1
Project("{FAE04EC0-301F-11D3-BF4B-00C04F79EFBC}") = "BinarySearchTree", "BinarySearchTree.csproj", "{AA6972FB-E884-4223-94D5-A520EEB50716}"
EndProject
Global
	GlobalSection(SolutionConfigurationPlatforms) = preSolution
		Debug|Any CPU = Debug|Any CPU
		Release|Any CPU = Release|Any CPU
	EndGlobalSection
	GlobalSection(ProjectConfigurationPlatforms) = postSolution
		{AA6972FB-E884-4223-94D5-A520EEB50716}.Debug|Any CPU.ActiveCfg = Debug|Any CPU
		{AA6972FB-E884-4223-94D5-A520EEB50716}.Debug|Any CPU.Build.0 = Debug|Any CPU
		{AA6972FB-E884-4223-94D5-A520EEB50716}.Release|Any CPU.ActiveCfg = Release|Any CPU
		{AA6972FB-E884-4223-94D5-A520EEB50716}.Release|Any CPU.Build.0 = Release|Any CPU
	EndGlobalSection
	GlobalSection(SolutionProperties) = preSolution
		HideSolutionNode = FALSE
	EndGlobalSection
	GlobalSection(ExtensibilityGlobals) = postSolution
		SolutionGuid = {4CE43162-50DB-4DDF-B7AE-8F0DC6046543}
	EndGlobalSection
EndGlobal
